
Microsoft Visual Studio Solution File, Format Version 12.00
# Visual Studio Version 16
VisualStudioVersion = 16.0.28729.10
MinimumVisualStudioVersion = 10.0.40219.1
Project("{FAE04EC0-301F-11D3-BF4B-00C04F79EFBC}") = "FabrikamFiber.Extranet.Web", "FabrikamFiber.Extranet.Web\FabrikamFiber.Extranet.Web.csproj", "{A8E4732A-F2F0-4953-8946-46A1900F65A4}"
EndProject
Project("{FAE04EC0-301F-11D3-BF4B-00C04F79EFBC}") = "FabrikamFiber.Extranet.Web.Tests", "FabrikamFiber.Extranet.Web.Tests\FabrikamFiber.Extranet.Web.Tests.csproj", "{5F674CB4-3098-40B2-9EFD-5D754348974D}"
EndProject
Global
	GlobalSection(SolutionConfigurationPlatforms) = preSolution
		Debug|Any CPU = Debug|Any CPU
		Release|Any CPU = Release|Any CPU
	EndGlobalSection
	GlobalSection(ProjectConfigurationPlatforms) = postSolution
		{A8E4732A-F2F0-4953-8946-46A1900F65A4}.Debug|Any CPU.ActiveCfg = Debug|Any CPU
		{A8E4732A-F2F0-4953-8946-46A1900F65A4}.Debug|Any CPU.Build.0 = Debug|Any CPU
		{A8E4732A-F2F0-4953-8946-46A1900F65A4}.Release|Any CPU.ActiveCfg = Release|Any CPU
		{A8E4732A-F2F0-4953-8946-46A1900F65A4}.Release|Any CPU.Build.0 = Release|Any CPU
		{5F674CB4-3098-40B2-9EFD-5D754348974D}.Debug|Any CPU.ActiveCfg = Debug|Any CPU
		{5F674CB4-3098-40B2-9EFD-5D754348974D}.Debug|Any CPU.Build.0 = Debug|Any CPU
		{5F674CB4-3098-40B2-9EFD-5D754348974D}.Release|Any CPU.ActiveCfg = Release|Any CPU
		{5F674CB4-3098-40B2-9EFD-5D754348974D}.Release|Any CPU.Build.0 = Release|Any CPU
	EndGlobalSection
	GlobalSection(SolutionProperties) = preSolution
		HideSolutionNode = FALSE
	EndGlobalSection
	GlobalSection(ExtensibilityGlobals) = postSolution
		SolutionGuid = {25C68DBB-BB68-4E50-828D-8DE61D88E5FA}
	EndGlobalSection
EndGlobal
